
Microsoft Visual Studio Solution File, Format Version 12.00
# Visual Studio 15
VisualStudioVersion = 15.0.26124.0
MinimumVisualStudioVersion = 15.0.26124.0
Project("{2150E333-8FDC-42A3-9474-1A3956D46DE8}") = "src", "src", "{85E1ED00-E69C-491C-9592-306CE7509B1C}"
EndProject
Project("{FAE04EC0-301F-11D3-BF4B-00C04F79EFBC}") = "MyStore.Web", "src\MyStore.Web\MyStore.Web.csproj", "{E2D2947D-6A10-4650-9F32-0F5BFFF05F50}"
EndProject
Project("{FAE04EC0-301F-11D3-BF4B-00C04F79EFBC}") = "MyStore.Core", "src\MyStore.Core\MyStore.Core.csproj", "{6E364D18-D253-4808-85D5-AD69A160D891}"
EndProject
Project("{FAE04EC0-301F-11D3-BF4B-00C04F79EFBC}") = "MyStore.Infrastructure", "src\MyStore.Infrastructure\MyStore.Infrastructure.csproj", "{0A55D49E-D060-4A16-868B-C3B44C247DEE}"
EndProject
Project("{FAE04EC0-301F-11D3-BF4B-00C04F79EFBC}") = "MyStore.Services", "src\MyStore.Services\MyStore.Services.csproj", "{50356ECE-D8EC-4402-AD37-4913CB29958B}"
EndProject
Global
	GlobalSection(SolutionConfigurationPlatforms) = preSolution
		Debug|Any CPU = Debug|Any CPU
		Debug|x64 = Debug|x64
		Debug|x86 = Debug|x86
		Release|Any CPU = Release|Any CPU
		Release|x64 = Release|x64
		Release|x86 = Release|x86
	EndGlobalSection
	GlobalSection(SolutionProperties) = preSolution
		HideSolutionNode = FALSE
	EndGlobalSection
	GlobalSection(ProjectConfigurationPlatforms) = postSolution
		{E2D2947D-6A10-4650-9F32-0F5BFFF05F50}.Debug|Any CPU.ActiveCfg = Debug|Any CPU
		{E2D2947D-6A10-4650-9F32-0F5BFFF05F50}.Debug|Any CPU.Build.0 = Debug|Any CPU
		{E2D2947D-6A10-4650-9F32-0F5BFFF05F50}.Debug|x64.ActiveCfg = Debug|Any CPU
		{E2D2947D-6A10-4650-9F32-0F5BFFF05F50}.Debug|x64.Build.0 = Debug|Any CPU
		{E2D2947D-6A10-4650-9F32-0F5BFFF05F50}.Debug|x86.ActiveCfg = Debug|Any CPU
		{E2D2947D-6A10-4650-9F32-0F5BFFF05F50}.Debug|x86.Build.0 = Debug|Any CPU
		{E2D2947D-6A10-4650-9F32-0F5BFFF05F50}.Release|Any CPU.ActiveCfg = Release|Any CPU
		{E2D2947D-6A10-4650-9F32-0F5BFFF05F50}.Release|Any CPU.Build.0 = Release|Any CPU
		{E2D2947D-6A10-4650-9F32-0F5BFFF05F50}.Release|x64.ActiveCfg = Release|Any CPU
		{E2D2947D-6A10-4650-9F32-0F5BFFF05F50}.Release|x64.Build.0 = Release|Any CPU
		{E2D2947D-6A10-4650-9F32-0F5BFFF05F50}.Release|x86.ActiveCfg = Release|Any CPU
		{E2D2947D-6A10-4650-9F32-0F5BFFF05F50}.Release|x86.Build.0 = Release|Any CPU
		{6E364D18-D253-4808-85D5-AD69A160D891}.Debug|Any CPU.ActiveCfg = Debug|Any CPU
		{6E364D18-D253-4808-85D5-AD69A160D891}.Debug|Any CPU.Build.0 = Debug|Any CPU
		{6E364D18-D253-4808-85D5-AD69A160D891}.Debug|x64.ActiveCfg = Debug|Any CPU
		{6E364D18-D253-4808-85D5-AD69A160D891}.Debug|x64.Build.0 = Debug|Any CPU
		{6E364D18-D253-4808-85D5-AD69A160D891}.Debug|x86.ActiveCfg = Debug|Any CPU
		{6E364D18-D253-4808-85D5-AD69A160D891}.Debug|x86.Build.0 = Debug|Any CPU
		{6E364D18-D253-4808-85D5-AD69A160D891}.Release|Any CPU.ActiveCfg = Release|Any CPU
		{6E364D18-D253-4808-85D5-AD69A160D891}.Release|Any CPU.Build.0 = Release|Any CPU
		{6E364D18-D253-4808-85D5-AD69A160D891}.Release|x64.ActiveCfg = Release|Any CPU
		{6E364D18-D253-4808-85D5-AD69A160D891}.Release|x64.Build.0 = Release|Any CPU
		{6E364D18-D253-4808-85D5-AD69A160D891}.Release|x86.ActiveCfg = Release|Any CPU
		{6E364D18-D253-4808-85D5-AD69A160D891}.Release|x86.Build.0 = Release|Any CPU
		{0A55D49E-D060-4A16-868B-C3B44C247DEE}.Debug|Any CPU.ActiveCfg = Debug|Any CPU
		{0A55D49E-D060-4A16-868B-C3B44C247DEE}.Debug|Any CPU.Build.0 = Debug|Any CPU
		{0A55D49E-D060-4A16-868B-C3B44C247DEE}.Debug|x64.ActiveCfg = Debug|Any CPU
		{0A55D49E-D060-4A16-868B-C3B44C247DEE}.Debug|x64.Build.0 = Debug|Any CPU
		{0A55D49E-D060-4A16-868B-C3B44C247DEE}.Debug|x86.ActiveCfg = Debug|Any CPU
		{0A55D49E-D060-4A16-868B-C3B44C247DEE}.Debug|x86.Build.0 = Debug|Any CPU
		{0A55D49E-D060-4A16-868B-C3B44C247DEE}.Release|Any CPU.ActiveCfg = Release|Any CPU
		{0A55D49E-D060-4A16-868B-C3B44C247DEE}.Release|Any CPU.Build.0 = Release|Any CPU
		{0A55D49E-D060-4A16-868B-C3B44C247DEE}.Release|x64.ActiveCfg = Release|Any CPU
		{0A55D49E-D060-4A16-868B-C3B44C247DEE}.Release|x64.Build.0 = Release|Any CPU
		{0A55D49E-D060-4A16-868B-C3B44C247DEE}.Release|x86.ActiveCfg = Release|Any CPU
		{0A55D49E-D060-4A16-868B-C3B44C247DEE}.Release|x86.Build.0 = Release|Any CPU
		{50356ECE-D8EC-4402-AD37-4913CB29958B}.Debug|Any CPU.ActiveCfg = Debug|Any CPU
		{50356ECE-D8EC-4402-AD37-4913CB29958B}.Debug|Any CPU.Build.0 = Debug|Any CPU
		{50356ECE-D8EC-4402-AD37-4913CB29958B}.Debug|x64.ActiveCfg = Debug|Any CPU
		{50356ECE-D8EC-4402-AD37-4913CB29958B}.Debug|x64.Build.0 = Debug|Any CPU
		{50356ECE-D8EC-4402-AD37-4913CB29958B}.Debug|x86.ActiveCfg = Debug|Any CPU
		{50356ECE-D8EC-4402-AD37-4913CB29958B}.Debug|x86.Build.0 = Debug|Any CPU
		{50356ECE-D8EC-4402-AD37-4913CB29958B}.Release|Any CPU.ActiveCfg = Release|Any CPU
		{50356ECE-D8EC-4402-AD37-4913CB29958B}.Release|Any CPU.Build.0 = Release|Any CPU
		{50356ECE-D8EC-4402-AD37-4913CB29958B}.Release|x64.ActiveCfg = Release|Any CPU
		{50356ECE-D8EC-4402-AD37-4913CB29958B}.Release|x64.Build.0 = Release|Any CPU
		{50356ECE-D8EC-4402-AD37-4913CB29958B}.Release|x86.ActiveCfg = Release|Any CPU
		{50356ECE-D8EC-4402-AD37-4913CB29958B}.Release|x86.Build.0 = Release|Any CPU
	EndGlobalSection
	GlobalSection(NestedProjects) = preSolution
		{E2D2947D-6A10-4650-9F32-0F5BFFF05F50} = {85E1ED00-E69C-491C-9592-306CE7509B1C}
		{6E364D18-D253-4808-85D5-AD69A160D891} = {85E1ED00-E69C-491C-9592-306CE7509B1C}
		{0A55D49E-D060-4A16-868B-C3B44C247DEE} = {85E1ED00-E69C-491C-9592-306CE7509B1C}
		{50356ECE-D8EC-4402-AD37-4913CB29958B} = {85E1ED00-E69C-491C-9592-306CE7509B1C}
	EndGlobalSection
EndGlobal
